{
  "name": "node-backend",
  "version": "0.2.0",
  "lockfileVersion": 2,
  "requires": true,
  "packages": {
    "": {
      "name": "node-backend",
      "version": "0.2.0",
      "license": "MIT",
      "dependencies": {
        "waffle-manager": "^0.1.1"
      }
    },
    "node_modules/@yimura/import-dir": {
      "version": "0.1.12",
      "resolved": "https://registry.npmjs.org/@yimura/import-dir/-/import-dir-0.1.12.tgz",
      "integrity": "sha512-vax+5R2bF75jOHulMsC2WKbhEKCMbcCzpMQhjN69ADed6V83OmaqiDXOK3bqlZUeQNO1apJOtfSxN9WNIutvDQ=="
    },
    "node_modules/waffle-manager": {
      "version": "0.1.1",
      "resolved": "https://registry.npmjs.org/waffle-manager/-/waffle-manager-0.1.1.tgz",
      "integrity": "sha512-bmhFc1UBNgK1M93egswgAHRNE7EYBtB+a3jVfzVs/gvdqSyZJ6qwolWrqLa82/MrIyskErQl9Ht7diV9iejPog==",
      "dependencies": {
        "@yimura/import-dir": "^0.1.12"
      }
    }
  },
  "dependencies": {
    "@yimura/import-dir": {
      "version": "0.1.12",
      "resolved": "https://registry.npmjs.org/@yimura/import-dir/-/import-dir-0.1.12.tgz",
      "integrity": "sha512-vax+5R2bF75jOHulMsC2WKbhEKCMbcCzpMQhjN69ADed6V83OmaqiDXOK3bqlZUeQNO1apJOtfSxN9WNIutvDQ=="
    },
    "waffle-manager": {
      "version": "0.1.1",
      "resolved": "https://registry.npmjs.org/waffle-manager/-/waffle-manager-0.1.1.tgz",
      "integrity": "sha512-bmhFc1UBNgK1M93egswgAHRNE7EYBtB+a3jVfzVs/gvdqSyZJ6qwolWrqLa82/MrIyskErQl9Ht7diV9iejPog==",
      "requires": {
        "@yimura/import-dir": "^0.1.12"
      }
    }
  }
}
